{
  "name": "clwclw-monitor",
  "lockfileVersion": 3,
  "requires": true,
  "packages": {
    "": {
      "license": "AGPL-3.0-only",
      "workspaces": [
        "agent",
        "Claude-Code-Remote"
      ]
    },
    "agent": {
      "name": "@clwclw/agent",
      "version": "0.1.0",
      "bundleDependencies": [
        "claude-code-remote"
      ],
      "license": "AGPL-3.0-only",
      "dependencies": {
        "claude-code-remote": "*"
      },
      "bin": {
        "clwclw-agent": "clw-agent.js"
      },
      "engines": {
        "node": ">=14.0.0"
      }
    },
    "Claude-Code-Remote": {
      "name": "claude-code-remote",
      "version": "1.0.0",
      "license": "MIT",
      "os": [
        "darwin",
        "linux",
        "win32"
      ],
      "dependencies": {
        "axios": "^1.6.0",
        "dotenv": "^17.2.1",
        "execa": "^9.6.0",
        "express": "^4.18.2",
        "imapflow": "^1.0.191",
        "mailparser": "^3.7.4",
        "node-imap": "^0.9.6",
        "node-pty": "^1.0.0",
        "nodemailer": "^7.0.5",
        "pino": "^9.7.0",
        "pino-pretty": "^13.0.0",
        "uuid": "^11.1.0"
      },
      "engines": {
        "node": ">=14.0.0"
      }
    },
    "Claude-Code-Remote/node_modules/@sec-ant/readable-stream": {
      "version": "0.4.1",
      "license": "MIT"
    },
    "Claude-Code-Remote/node_modules/@selderee/plugin-htmlparser2": {
      "version": "0.11.0",
      "license": "MIT",
      "dependencies": {
        "domhandler": "^5.0.3",
        "selderee": "^0.11.0"
      },
      "funding": {
        "url": "https://ko-fi.com/killymxi"
      }
    },
    "Claude-Code-Remote/node_modules/@sindresorhus/merge-streams": {
      "version": "4.0.0",
      "license": "MIT",
      "engines": {
        "node": ">=18"
      },
      "funding": {
        "url": "https://github.com/sponsors/sindresorhus"
      }
    },
    "Claude-Code-Remote/node_modules/accepts": {
      "version": "1.3.8",
      "license": "MIT",
      "dependencies": {
        "mime-types": "~2.1.34",
        "negotiator": "0.6.3"
      },
      "engines": {
        "node": ">= 0.6"
      }
    },
    "Claude-Code-Remote/node_modules/array-flatten": {
      "version": "1.1.1",
      "license": "MIT"
    },
    "Claude-Code-Remote/node_modules/asynckit": {
      "version": "0.4.0",
      "license": "MIT"
    },
    "Claude-Code-Remote/node_modules/atomic-sleep": {
      "version": "1.0.0",
      "license": "MIT",
      "engines": {
        "node": ">=8.0.0"
      }
    },
    "Claude-Code-Remote/node_modules/axios": {
      "version": "1.11.0",
      "license": "MIT",
      "dependencies": {
        "follow-redirects": "^1.15.6",
        "form-data": "^4.0.4",
        "proxy-from-env": "^1.1.0"
      }
    },
    "Claude-Code-Remote/node_modules/body-parser": {
      "version": "1.20.3",
      "license": "MIT",
      "dependencies": {
        "bytes": "3.1.2",
        "content-type": "~1.0.5",
        "debug": "2.6.9",
        "depd": "2.0.0",
        "destroy": "1.2.0",
        "http-errors": "2.0.0",
        "iconv-lite": "0.4.24",
        "on-finished": "2.4.1",
        "qs": "6.13.0",
        "raw-body": "2.5.2",
        "type-is": "~1.6.18",
        "unpipe": "1.0.0"
      },
      "engines": {
        "node": ">= 0.8",
        "npm": "1.2.8000 || >= 1.4.16"
      }
    },
    "Claude-Code-Remote/node_modules/body-parser/node_modules/iconv-lite": {
      "version": "0.4.24",
      "license": "MIT",
      "dependencies": {
        "safer-buffer": ">= 2.1.2 < 3"
      },
      "engines": {
        "node": ">=0.10.0"
      }
    },
    "Claude-Code-Remote/node_modules/bytes": {
      "version": "3.1.2",
      "license": "MIT",
      "engines": {
        "node": ">= 0.8"
      }
    },
    "Claude-Code-Remote/node_modules/call-bind-apply-helpers": {
      "version": "1.0.2",
      "license": "MIT",
      "dependencies": {
        "es-errors": "^1.3.0",
        "function-bind": "^1.1.2"
      },
      "engines": {
        "node": ">= 0.4"
      }
    },
    "Claude-Code-Remote/node_modules/call-bound": {
      "version": "1.0.4",
      "license": "MIT",
      "dependencies": {
        "call-bind-apply-helpers": "^1.0.2",
        "get-intrinsic": "^1.3.0"
      },
      "engines": {
        "node": ">= 0.4"
      },
      "funding": {
        "url": "https://github.com/sponsors/ljharb"
      }
    },
    "Claude-Code-Remote/node_modules/colorette": {
      "version": "2.0.20",
      "license": "MIT"
    },
    "Claude-Code-Remote/node_modules/combined-stream": {
      "version": "1.0.8",
      "license": "MIT",
      "dependencies": {
        "delayed-stream": "~1.0.0"
      },
      "engines": {
        "node": ">= 0.8"
      }
    },
    "Claude-Code-Remote/node_modules/content-disposition": {
      "version": "0.5.4",
      "license": "MIT",
      "dependencies": {
        "safe-buffer": "5.2.1"
      },
      "engines": {
        "node": ">= 0.6"
      }
    },
    "Claude-Code-Remote/node_modules/content-type": {
      "version": "1.0.5",
      "license": "MIT",
      "engines": {
        "node": ">= 0.6"
      }
    },
    "Claude-Code-Remote/node_modules/cookie": {
      "version": "0.7.1",
      "license": "MIT",
      "engines": {
        "node": ">= 0.6"
      }
    },
    "Claude-Code-Remote/node_modules/cookie-signature": {
      "version": "1.0.6",
      "license": "MIT"
    },
    "Claude-Code-Remote/node_modules/cross-spawn": {
      "version": "7.0.6",
      "license": "MIT",
      "dependencies": {
        "path-key": "^3.1.0",
        "shebang-command": "^2.0.0",
        "which": "^2.0.1"
      },
      "engines": {
        "node": ">= 8"
      }
    },
    "Claude-Code-Remote/node_modules/dateformat": {
      "version": "4.6.3",
      "license": "MIT",
      "engines": {
        "node": "*"
      }
    },
    "Claude-Code-Remote/node_modules/debug": {
      "version": "2.6.9",
      "license": "MIT",
      "dependencies": {
        "ms": "2.0.0"
      }
    },
    "Claude-Code-Remote/node_modules/deepmerge": {
      "version": "4.3.1",
      "license": "MIT",
      "engines": {
        "node": ">=0.10.0"
      }
    },
    "Claude-Code-Remote/node_modules/delayed-stream": {
      "version": "1.0.0",
      "license": "MIT",
      "engines": {
        "node": ">=0.4.0"
      }
    },
    "Claude-Code-Remote/node_modules/depd": {
      "version": "2.0.0",
      "license": "MIT",
      "engines": {
        "node": ">= 0.8"
      }
    },
    "Claude-Code-Remote/node_modules/destroy": {
      "version": "1.2.0",
      "license": "MIT",
      "engines": {
        "node": ">= 0.8",
        "npm": "1.2.8000 || >= 1.4.16"
      }
    },
    "Claude-Code-Remote/node_modules/dom-serializer": {
      "version": "2.0.0",
      "license": "MIT",
      "dependencies": {
        "domelementtype": "^2.3.0",
        "domhandler": "^5.0.2",
        "entities": "^4.2.0"
      },
      "funding": {
        "url": "https://github.com/cheeriojs/dom-serializer?sponsor=1"
      }
    },
    "Claude-Code-Remote/node_modules/domelementtype": {
      "version": "2.3.0",
      "funding": [
        {
          "type": "github",
          "url": "https://github.com/sponsors/fb55"
        }
      ],
      "license": "BSD-2-Clause"
    },
    "Claude-Code-Remote/node_modules/domhandler": {
      "version": "5.0.3",
      "license": "BSD-2-Clause",
      "dependencies": {
        "domelementtype": "^2.3.0"
      },
      "engines": {
        "node": ">= 4"
      },
      "funding": {
        "url": "https://github.com/fb55/domhandler?sponsor=1"
      }
    },
    "Claude-Code-Remote/node_modules/domutils": {
      "version": "3.2.2",
      "license": "BSD-2-Clause",
      "dependencies": {
        "dom-serializer": "^2.0.0",
        "domelementtype": "^2.3.0",
        "domhandler": "^5.0.3"
      },
      "funding": {
        "url": "https://github.com/fb55/domutils?sponsor=1"
      }
    },
    "Claude-Code-Remote/node_modules/dotenv": {
      "version": "17.2.1",
      "license": "BSD-2-Clause",
      "engines": {
        "node": ">=12"
      },
      "funding": {
        "url": "https://dotenvx.com"
      }
    },
    "Claude-Code-Remote/node_modules/dunder-proto": {
      "version": "1.0.1",
      "license": "MIT",
      "dependencies": {
        "call-bind-apply-helpers": "^1.0.1",
        "es-errors": "^1.3.0",
        "gopd": "^1.2.0"
      },
      "engines": {
        "node": ">= 0.4"
      }
    },
    "Claude-Code-Remote/node_modules/ee-first": {
      "version": "1.1.1",
      "license": "MIT"
    },
    "Claude-Code-Remote/node_modules/encodeurl": {
      "version": "2.0.0",
      "license": "MIT",
      "engines": {
        "node": ">= 0.8"
      }
    },
    "Claude-Code-Remote/node_modules/encoding-japanese": {
      "version": "2.2.0",
      "license": "MIT",
      "engines": {
        "node": ">=8.10.0"
      }
    },
    "Claude-Code-Remote/node_modules/end-of-stream": {
      "version": "1.4.5",
      "license": "MIT",
      "dependencies": {
        "once": "^1.4.0"
      }
    },
    "Claude-Code-Remote/node_modules/entities": {
      "version": "4.5.0",
      "license": "BSD-2-Clause",
      "engines": {
        "node": ">=0.12"
      },
      "funding": {
        "url": "https://github.com/fb55/entities?sponsor=1"
      }
    },
    "Claude-Code-Remote/node_modules/es-define-property": {
      "version": "1.0.1",
      "license": "MIT",
      "engines": {
        "node": ">= 0.4"
      }
    },
    "Claude-Code-Remote/node_modules/es-errors": {
      "version": "1.3.0",
      "license": "MIT",
      "engines": {
        "node": ">= 0.4"
      }
    },
    "Claude-Code-Remote/node_modules/es-object-atoms": {
      "version": "1.1.1",
      "license": "MIT",
      "dependencies": {
        "es-errors": "^1.3.0"
      },
      "engines": {
        "node": ">= 0.4"
      }
    },
    "Claude-Code-Remote/node_modules/es-set-tostringtag": {
      "version": "2.1.0",
      "license": "MIT",
      "dependencies": {
        "es-errors": "^1.3.0",
        "get-intrinsic": "^1.2.6",
        "has-tostringtag": "^1.0.2",
        "hasown": "^2.0.2"
      },
      "engines": {
        "node": ">= 0.4"
      }
    },
    "Claude-Code-Remote/node_modules/escape-html": {
      "version": "1.0.3",
      "license": "MIT"
    },
    "Claude-Code-Remote/node_modules/etag": {
      "version": "1.8.1",
      "license": "MIT",
      "engines": {
        "node": ">= 0.6"
      }
    },
    "Claude-Code-Remote/node_modules/execa": {
      "version": "9.6.0",
      "license": "MIT",
      "dependencies": {
        "@sindresorhus/merge-streams": "^4.0.0",
        "cross-spawn": "^7.0.6",
        "figures": "^6.1.0",
        "get-stream": "^9.0.0",
        "human-signals": "^8.0.1",
        "is-plain-obj": "^4.1.0",
        "is-stream": "^4.0.1",
        "npm-run-path": "^6.0.0",
        "pretty-ms": "^9.2.0",
        "signal-exit": "^4.1.0",
        "strip-final-newline": "^4.0.0",
        "yoctocolors": "^2.1.1"
      },
      "engines": {
        "node": "^18.19.0 || >=20.5.0"
      },
      "funding": {
        "url": "https://github.com/sindresorhus/execa?sponsor=1"
      }
    },
    "Claude-Code-Remote/node_modules/express": {
      "version": "4.21.2",
      "license": "MIT",
      "dependencies": {
        "accepts": "~1.3.8",
        "array-flatten": "1.1.1",
        "body-parser": "1.20.3",
        "content-disposition": "0.5.4",
        "content-type": "~1.0.4",
        "cookie": "0.7.1",
        "cookie-signature": "1.0.6",
        "debug": "2.6.9",
        "depd": "2.0.0",
        "encodeurl": "~2.0.0",
        "escape-html": "~1.0.3",
        "etag": "~1.8.1",
        "finalhandler": "1.3.1",
        "fresh": "0.5.2",
        "http-errors": "2.0.0",
        "merge-descriptors": "1.0.3",
        "methods": "~1.1.2",
        "on-finished": "2.4.1",
        "parseurl": "~1.3.3",
        "path-to-regexp": "0.1.12",
        "proxy-addr": "~2.0.7",
        "qs": "6.13.0",
        "range-parser": "~1.2.1",
        "safe-buffer": "5.2.1",
        "send": "0.19.0",
        "serve-static": "1.16.2",
        "setprototypeof": "1.2.0",
        "statuses": "2.0.1",
        "type-is": "~1.6.18",
        "utils-merge": "1.0.1",
        "vary": "~1.1.2"
      },
      "engines": {
        "node": ">= 0.10.0"
      },
      "funding": {
        "type": "opencollective",
        "url": "https://opencollective.com/express"
      }
    },
    "Claude-Code-Remote/node_modules/fast-copy": {
      "version": "3.0.2",
      "license": "MIT"
    },
    "Claude-Code-Remote/node_modules/fast-redact": {
      "version": "3.5.0",
      "license": "MIT",
      "engines": {
        "node": ">=6"
      }
    },
    "Claude-Code-Remote/node_modules/fast-safe-stringify": {
      "version": "2.1.1",
      "license": "MIT"
    },
    "Claude-Code-Remote/node_modules/figures": {
      "version": "6.1.0",
      "license": "MIT",
      "dependencies": {
        "is-unicode-supported": "^2.0.0"
      },
      "engines": {
        "node": ">=18"
      },
      "funding": {
        "url": "https://github.com/sponsors/sindresorhus"
      }
    },
    "Claude-Code-Remote/node_modules/finalhandler": {
      "version": "1.3.1",
      "license": "MIT",
      "dependencies": {
        "debug": "2.6.9",
        "encodeurl": "~2.0.0",
        "escape-html": "~1.0.3",
        "on-finished": "2.4.1",
        "parseurl": "~1.3.3",
        "statuses": "2.0.1",
        "unpipe": "~1.0.0"
      },
      "engines": {
        "node": ">= 0.8"
      }
    },
    "Claude-Code-Remote/node_modules/follow-redirects": {
      "version": "1.15.9",
      "funding": [
        {
          "type": "individual",
          "url": "https://github.com/sponsors/RubenVerborgh"
        }
      ],
      "license": "MIT",
      "engines": {
        "node": ">=4.0"
      },
      "peerDependenciesMeta": {
        "debug": {
          "optional": true
        }
      }
    },
    "Claude-Code-Remote/node_modules/form-data": {
      "version": "4.0.4",
      "license": "MIT",
      "dependencies": {
        "asynckit": "^0.4.0",
        "combined-stream": "^1.0.8",
        "es-set-tostringtag": "^2.1.0",
        "hasown": "^2.0.2",
        "mime-types": "^2.1.12"
      },
      "engines": {
        "node": ">= 6"
      }
    },
    "Claude-Code-Remote/node_modules/forwarded": {
      "version": "0.2.0",
      "license": "MIT",
      "engines": {
        "node": ">= 0.6"
      }
    },
    "Claude-Code-Remote/node_modules/fresh": {
      "version": "0.5.2",
      "license": "MIT",
      "engines": {
        "node": ">= 0.6"
      }
    },
    "Claude-Code-Remote/node_modules/function-bind": {
      "version": "1.1.2",
      "license": "MIT",
      "funding": {
        "url": "https://github.com/sponsors/ljharb"
      }
    },
    "Claude-Code-Remote/node_modules/get-intrinsic": {
      "version": "1.3.0",
      "license": "MIT",
      "dependencies": {
        "call-bind-apply-helpers": "^1.0.2",
        "es-define-property": "^1.0.1",
        "es-errors": "^1.3.0",
        "es-object-atoms": "^1.1.1",
        "function-bind": "^1.1.2",
        "get-proto": "^1.0.1",
        "gopd": "^1.2.0",
        "has-symbols": "^1.1.0",
        "hasown": "^2.0.2",
        "math-intrinsics": "^1.1.0"
      },
      "engines": {
        "node": ">= 0.4"
      },
      "funding": {
        "url": "https://github.com/sponsors/ljharb"
      }
    },
    "Claude-Code-Remote/node_modules/get-proto": {
      "version": "1.0.1",
      "license": "MIT",
      "dependencies": {
        "dunder-proto": "^1.0.1",
        "es-object-atoms": "^1.0.0"
      },
      "engines": {
        "node": ">= 0.4"
      }
    },
    "Claude-Code-Remote/node_modules/get-stream": {
      "version": "9.0.1",
      "license": "MIT",
      "dependencies": {
        "@sec-ant/readable-stream": "^0.4.1",
        "is-stream": "^4.0.1"
      },
      "engines": {
        "node": ">=18"
      },
      "funding": {
        "url": "https://github.com/sponsors/sindresorhus"
      }
    },
    "Claude-Code-Remote/node_modules/gopd": {
      "version": "1.2.0",
      "license": "MIT",
      "engines": {
        "node": ">= 0.4"
      },
      "funding": {
        "url": "https://github.com/sponsors/ljharb"
      }
    },
    "Claude-Code-Remote/node_modules/has-symbols": {
      "version": "1.1.0",
      "license": "MIT",
      "engines": {
        "node": ">= 0.4"
      },
      "funding": {
        "url": "https://github.com/sponsors/ljharb"
      }
    },
    "Claude-Code-Remote/node_modules/has-tostringtag": {
      "version": "1.0.2",
      "license": "MIT",
      "dependencies": {
        "has-symbols": "^1.0.3"
      },
      "engines": {
        "node": ">= 0.4"
      },
      "funding": {
        "url": "https://github.com/sponsors/ljharb"
      }
    },
    "Claude-Code-Remote/node_modules/hasown": {
      "version": "2.0.2",
      "license": "MIT",
      "dependencies": {
        "function-bind": "^1.1.2"
      },
      "engines": {
        "node": ">= 0.4"
      }
    },
    "Claude-Code-Remote/node_modules/he": {
      "version": "1.2.0",
      "license": "MIT",
      "bin": {
        "he": "bin/he"
      }
    },
    "Claude-Code-Remote/node_modules/help-me": {
      "version": "5.0.0",
      "license": "MIT"
    },
    "Claude-Code-Remote/node_modules/html-to-text": {
      "version": "9.0.5",
      "license": "MIT",
      "dependencies": {
        "@selderee/plugin-htmlparser2": "^0.11.0",
        "deepmerge": "^4.3.1",
        "dom-serializer": "^2.0.0",
        "htmlparser2": "^8.0.2",
        "selderee": "^0.11.0"
      },
      "engines": {
        "node": ">=14"
      }
    },
    "Claude-Code-Remote/node_modules/htmlparser2": {
      "version": "8.0.2",
      "funding": [
        "https://github.com/fb55/htmlparser2?sponsor=1",
        {
          "type": "github",
          "url": "https://github.com/sponsors/fb55"
        }
      ],
      "license": "MIT",
      "dependencies": {
        "domelementtype": "^2.3.0",
        "domhandler": "^5.0.3",
        "domutils": "^3.0.1",
        "entities": "^4.4.0"
      }
    },
    "Claude-Code-Remote/node_modules/http-errors": {
      "version": "2.0.0",
      "license": "MIT",
      "dependencies": {
        "depd": "2.0.0",
        "inherits": "2.0.4",
        "setprototypeof": "1.2.0",
        "statuses": "2.0.1",
        "toidentifier": "1.0.1"
      },
      "engines": {
        "node": ">= 0.8"
      }
    },
    "Claude-Code-Remote/node_modules/human-signals": {
      "version": "8.0.1",
      "license": "Apache-2.0",
      "engines": {
        "node": ">=18.18.0"
      }
    },
    "Claude-Code-Remote/node_modules/iconv-lite": {
      "version": "0.6.3",
      "license": "MIT",
      "dependencies": {
        "safer-buffer": ">= 2.1.2 < 3.0.0"
      },
      "engines": {
        "node": ">=0.10.0"
      }
    },
    "Claude-Code-Remote/node_modules/imapflow": {
      "version": "1.0.191",
      "license": "MIT",
      "dependencies": {
        "encoding-japanese": "2.2.0",
        "iconv-lite": "0.6.3",
        "libbase64": "1.3.0",
        "libmime": "5.3.7",
        "libqp": "2.1.1",
        "mailsplit": "5.4.5",
        "nodemailer": "7.0.5",
        "pino": "9.7.0",
        "socks": "2.8.5"
      }
    },
    "Claude-Code-Remote/node_modules/inherits": {
      "version": "2.0.4",
      "license": "ISC"
    },
    "Claude-Code-Remote/node_modules/ip-address": {
      "version": "9.0.5",
      "license": "MIT",
      "dependencies": {
        "jsbn": "1.1.0",
        "sprintf-js": "^1.1.3"
      },
      "engines": {
        "node": ">= 12"
      }
    },
    "Claude-Code-Remote/node_modules/ipaddr.js": {
      "version": "1.9.1",
      "license": "MIT",
      "engines": {
        "node": ">= 0.10"
      }
    },
    "Claude-Code-Remote/node_modules/is-plain-obj": {
      "version": "4.1.0",
      "license": "MIT",
      "engines": {
        "node": ">=12"
      },
      "funding": {
        "url": "https://github.com/sponsors/sindresorhus"
      }
    },
    "Claude-Code-Remote/node_modules/is-stream": {
      "version": "4.0.1",
      "license": "MIT",
      "engines": {
        "node": ">=18"
      },
      "funding": {
        "url": "https://github.com/sponsors/sindresorhus"
      }
    },
    "Claude-Code-Remote/node_modules/is-unicode-supported": {
      "version": "2.1.0",
      "license": "MIT",
      "engines": {
        "node": ">=18"
      },
      "funding": {
        "url": "https://github.com/sponsors/sindresorhus"
      }
    },
    "Claude-Code-Remote/node_modules/isexe": {
      "version": "2.0.0",
      "license": "ISC"
    },
    "Claude-Code-Remote/node_modules/joycon": {
      "version": "3.1.1",
      "license": "MIT",
      "engines": {
        "node": ">=10"
      }
    },
    "Claude-Code-Remote/node_modules/jsbn": {
      "version": "1.1.0",
      "license": "MIT"
    },
    "Claude-Code-Remote/node_modules/leac": {
      "version": "0.6.0",
      "license": "MIT",
      "funding": {
        "url": "https://ko-fi.com/killymxi"
      }
    },
    "Claude-Code-Remote/node_modules/libbase64": {
      "version": "1.3.0",
      "license": "MIT"
    },
    "Claude-Code-Remote/node_modules/libmime": {
      "version": "5.3.7",
      "license": "MIT",
      "dependencies": {
        "encoding-japanese": "2.2.0",
        "iconv-lite": "0.6.3",
        "libbase64": "1.3.0",
        "libqp": "2.1.1"
      }
    },
    "Claude-Code-Remote/node_modules/libqp": {
      "version": "2.1.1",
      "license": "MIT"
    },
    "Claude-Code-Remote/node_modules/linkify-it": {
      "version": "5.0.0",
      "license": "MIT",
      "dependencies": {
        "uc.micro": "^2.0.0"
      }
    },
    "Claude-Code-Remote/node_modules/mailparser": {
      "version": "3.7.4",
      "license": "MIT",
      "dependencies": {
        "encoding-japanese": "2.2.0",
        "he": "1.2.0",
        "html-to-text": "9.0.5",
        "iconv-lite": "0.6.3",
        "libmime": "5.3.7",
        "linkify-it": "5.0.0",
        "mailsplit": "5.4.5",
        "nodemailer": "7.0.4",
        "punycode.js": "2.3.1",
        "tlds": "1.259.0"
      }
    },
    "Claude-Code-Remote/node_modules/mailparser/node_modules/nodemailer": {
      "version": "7.0.4",
      "license": "MIT-0",
      "engines": {
        "node": ">=6.0.0"
      }
    },
    "Claude-Code-Remote/node_modules/mailsplit": {
      "version": "5.4.5",
      "license": "(MIT OR EUPL-1.1+)",
      "dependencies": {
        "libbase64": "1.3.0",
        "libmime": "5.3.7",
        "libqp": "2.1.1"
      }
    },
    "Claude-Code-Remote/node_modules/math-intrinsics": {
      "version": "1.1.0",
      "license": "MIT",
      "engines": {
        "node": ">= 0.4"
      }
    },
    "Claude-Code-Remote/node_modules/media-typer": {
      "version": "0.3.0",
      "license": "MIT",
      "engines": {
        "node": ">= 0.6"
      }
    },
    "Claude-Code-Remote/node_modules/merge-descriptors": {
      "version": "1.0.3",
      "license": "MIT",
      "funding": {
        "url": "https://github.com/sponsors/sindresorhus"
      }
    },
    "Claude-Code-Remote/node_modules/methods": {
      "version": "1.1.2",
      "license": "MIT",
      "engines": {
        "node": ">= 0.6"
      }
    },
    "Claude-Code-Remote/node_modules/mime": {
      "version": "1.6.0",
      "license": "MIT",
      "bin": {
        "mime": "cli.js"
      },
      "engines": {
        "node": ">=4"
      }
    },
    "Claude-Code-Remote/node_modules/mime-db": {
      "version": "1.52.0",
      "license": "MIT",
      "engines": {
        "node": ">= 0.6"
      }
    },
    "Claude-Code-Remote/node_modules/mime-types": {
      "version": "2.1.35",
      "license": "MIT",
      "dependencies": {
        "mime-db": "1.52.0"
      },
      "engines": {
        "node": ">= 0.6"
      }
    },
    "Claude-Code-Remote/node_modules/minimist": {
      "version": "1.2.8",
      "license": "MIT",
      "funding": {
        "url": "https://github.com/sponsors/ljharb"
      }
    },
    "Claude-Code-Remote/node_modules/ms": {
      "version": "2.0.0",
      "license": "MIT"
    },
    "Claude-Code-Remote/node_modules/nan": {
      "version": "2.23.0",
      "license": "MIT"
    },
    "Claude-Code-Remote/node_modules/negotiator": {
      "version": "0.6.3",
      "license": "MIT",
      "engines": {
        "node": ">= 0.6"
      }
    },
    "Claude-Code-Remote/node_modules/node-imap": {
      "version": "0.9.6",
      "license": "MIT",
      "dependencies": {
        "readable-stream": "^3.6.0",
        "utf7": "^1.0.2"
      },
      "engines": {
        "node": ">=0.8.0"
      }
    },
    "Claude-Code-Remote/node_modules/node-pty": {
      "version": "1.0.0",
      "hasInstallScript": true,
      "license": "MIT",
      "dependencies": {
        "nan": "^2.17.0"
      }
    },
    "Claude-Code-Remote/node_modules/nodemailer": {
      "version": "7.0.5",
      "license": "MIT-0",
      "engines": {
        "node": ">=6.0.0"
      }
    },
    "Claude-Code-Remote/node_modules/npm-run-path": {
      "version": "6.0.0",
      "license": "MIT",
      "dependencies": {
        "path-key": "^4.0.0",
        "unicorn-magic": "^0.3.0"
      },
      "engines": {
        "node": ">=18"
      },
      "funding": {
        "url": "https://github.com/sponsors/sindresorhus"
      }
    },
    "Claude-Code-Remote/node_modules/npm-run-path/node_modules/path-key": {
      "version": "4.0.0",
      "license": "MIT",
      "engines": {
        "node": ">=12"
      },
      "funding": {
        "url": "https://github.com/sponsors/sindresorhus"
      }
    },
    "Claude-Code-Remote/node_modules/object-inspect": {
      "version": "1.13.4",
      "license": "MIT",
      "engines": {
        "node": ">= 0.4"
      },
      "funding": {
        "url": "https://github.com/sponsors/ljharb"
      }
    },
    "Claude-Code-Remote/node_modules/on-exit-leak-free": {
      "version": "2.1.2",
      "license": "MIT",
      "engines": {
        "node": ">=14.0.0"
      }
    },
    "Claude-Code-Remote/node_modules/on-finished": {
      "version": "2.4.1",
      "license": "MIT",
      "dependencies": {
        "ee-first": "1.1.1"
      },
      "engines": {
        "node": ">= 0.8"
      }
    },
    "Claude-Code-Remote/node_modules/once": {
      "version": "1.4.0",
      "license": "ISC",
      "dependencies": {
        "wrappy": "1"
      }
    },
    "Claude-Code-Remote/node_modules/parse-ms": {
      "version": "4.0.0",
      "license": "MIT",
      "engines": {
        "node": ">=18"
      },
      "funding": {
        "url": "https://github.com/sponsors/sindresorhus"
      }
    },
    "Claude-Code-Remote/node_modules/parseley": {
      "version": "0.12.1",
      "license": "MIT",
      "dependencies": {
        "leac": "^0.6.0",
        "peberminta": "^0.9.0"
      },
      "funding": {
        "url": "https://ko-fi.com/killymxi"
      }
    },
    "Claude-Code-Remote/node_modules/parseurl": {
      "version": "1.3.3",
      "license": "MIT",
      "engines": {
        "node": ">= 0.8"
      }
    },
    "Claude-Code-Remote/node_modules/path-key": {
      "version": "3.1.1",
      "license": "MIT",
      "engines": {
        "node": ">=8"
      }
    },
    "Claude-Code-Remote/node_modules/path-to-regexp": {
      "version": "0.1.12",
      "license": "MIT"
    },
    "Claude-Code-Remote/node_modules/peberminta": {
      "version": "0.9.0",
      "license": "MIT",
      "funding": {
        "url": "https://ko-fi.com/killymxi"
      }
    },
    "Claude-Code-Remote/node_modules/pino": {
      "version": "9.7.0",
      "license": "MIT",
      "dependencies": {
        "atomic-sleep": "^1.0.0",
        "fast-redact": "^3.1.1",
        "on-exit-leak-free": "^2.1.0",
        "pino-abstract-transport": "^2.0.0",
        "pino-std-serializers": "^7.0.0",
        "process-warning": "^5.0.0",
        "quick-format-unescaped": "^4.0.3",
        "real-require": "^0.2.0",
        "safe-stable-stringify": "^2.3.1",
        "sonic-boom": "^4.0.1",
        "thread-stream": "^3.0.0"
      },
      "bin": {
        "pino": "bin.js"
      }
    },
    "Claude-Code-Remote/node_modules/pino-abstract-transport": {
      "version": "2.0.0",
      "license": "MIT",
      "dependencies": {
        "split2": "^4.0.0"
      }
    },
    "Claude-Code-Remote/node_modules/pino-pretty": {
      "version": "13.0.0",
      "license": "MIT",
      "dependencies": {
        "colorette": "^2.0.7",
        "dateformat": "^4.6.3",
        "fast-copy": "^3.0.2",
        "fast-safe-stringify": "^2.1.1",
        "help-me": "^5.0.0",
        "joycon": "^3.1.1",
        "minimist": "^1.2.6",
        "on-exit-leak-free": "^2.1.0",
        "pino-abstract-transport": "^2.0.0",
        "pump": "^3.0.0",
        "secure-json-parse": "^2.4.0",
        "sonic-boom": "^4.0.1",
        "strip-json-comments": "^3.1.1"
      },
      "bin": {
        "pino-pretty": "bin.js"
      }
    },
    "Claude-Code-Remote/node_modules/pino-std-serializers": {
      "version": "7.0.0",
      "license": "MIT"
    },
    "Claude-Code-Remote/node_modules/pretty-ms": {
      "version": "9.2.0",
      "license": "MIT",
      "dependencies": {
        "parse-ms": "^4.0.0"
      },
      "engines": {
        "node": ">=18"
      },
      "funding": {
        "url": "https://github.com/sponsors/sindresorhus"
      }
    },
    "Claude-Code-Remote/node_modules/process-warning": {
      "version": "5.0.0",
      "funding": [
        {
          "type": "github",
          "url": "https://github.com/sponsors/fastify"
        },
        {
          "type": "opencollective",
          "url": "https://opencollective.com/fastify"
        }
      ],
      "license": "MIT"
    },
    "Claude-Code-Remote/node_modules/proxy-addr": {
      "version": "2.0.7",
      "license": "MIT",
      "dependencies": {
        "forwarded": "0.2.0",
        "ipaddr.js": "1.9.1"
      },
      "engines": {
        "node": ">= 0.10"
      }
    },
    "Claude-Code-Remote/node_modules/proxy-from-env": {
      "version": "1.1.0",
      "license": "MIT"
    },
    "Claude-Code-Remote/node_modules/pump": {
      "version": "3.0.3",
      "license": "MIT",
      "dependencies": {
        "end-of-stream": "^1.1.0",
        "once": "^1.3.1"
      }
    },
    "Claude-Code-Remote/node_modules/punycode.js": {
      "version": "2.3.1",
      "license": "MIT",
      "engines": {
        "node": ">=6"
      }
    },
    "Claude-Code-Remote/node_modules/qs": {
      "version": "6.13.0",
      "license": "BSD-3-Clause",
      "dependencies": {
        "side-channel": "^1.0.6"
      },
      "engines": {
        "node": ">=0.6"
      },
      "funding": {
        "url": "https://github.com/sponsors/ljharb"
      }
    },
    "Claude-Code-Remote/node_modules/quick-format-unescaped": {
      "version": "4.0.4",
      "license": "MIT"
    },
    "Claude-Code-Remote/node_modules/range-parser": {
      "version": "1.2.1",
      "license": "MIT",
      "engines": {
        "node": ">= 0.6"
      }
    },
    "Claude-Code-Remote/node_modules/raw-body": {
      "version": "2.5.2",
      "license": "MIT",
      "dependencies": {
        "bytes": "3.1.2",
        "http-errors": "2.0.0",
        "iconv-lite": "0.4.24",
        "unpipe": "1.0.0"
      },
      "engines": {
        "node": ">= 0.8"
      }
    },
    "Claude-Code-Remote/node_modules/raw-body/node_modules/iconv-lite": {
      "version": "0.4.24",
      "license": "MIT",
      "dependencies": {
        "safer-buffer": ">= 2.1.2 < 3"
      },
      "engines": {
        "node": ">=0.10.0"
      }
    },
    "Claude-Code-Remote/node_modules/readable-stream": {
      "version": "3.6.2",
      "license": "MIT",
      "dependencies": {
        "inherits": "^2.0.3",
        "string_decoder": "^1.1.1",
        "util-deprecate": "^1.0.1"
      },
      "engines": {
        "node": ">= 6"
      }
    },
    "Claude-Code-Remote/node_modules/real-require": {
      "version": "0.2.0",
      "license": "MIT",
      "engines": {
        "node": ">= 12.13.0"
      }
    },
    "Claude-Code-Remote/node_modules/safe-buffer": {
      "version": "5.2.1",
      "funding": [
        {
          "type": "github",
          "url": "https://github.com/sponsors/feross"
        },
        {
          "type": "patreon",
          "url": "https://www.patreon.com/feross"
        },
        {
          "type": "consulting",
          "url": "https://feross.org/support"
        }
      ],
      "license": "MIT"
    },
    "Claude-Code-Remote/node_modules/safe-stable-stringify": {
      "version": "2.5.0",
      "license": "MIT",
      "engines": {
        "node": ">=10"
      }
    },
    "Claude-Code-Remote/node_modules/safer-buffer": {
      "version": "2.1.2",
      "license": "MIT"
    },
    "Claude-Code-Remote/node_modules/secure-json-parse": {
      "version": "2.7.0",
      "license": "BSD-3-Clause"
    },
    "Claude-Code-Remote/node_modules/selderee": {
      "version": "0.11.0",
      "license": "MIT",
      "dependencies": {
        "parseley": "^0.12.0"
      },
      "funding": {
        "url": "https://ko-fi.com/killymxi"
      }
    },
    "Claude-Code-Remote/node_modules/semver": {
      "version": "5.3.0",
      "license": "ISC",
      "bin": {
        "semver": "bin/semver"
      }
    },
    "Claude-Code-Remote/node_modules/send": {
      "version": "0.19.0",
      "license": "MIT",
      "dependencies": {
        "debug": "2.6.9",
        "depd": "2.0.0",
        "destroy": "1.2.0",
        "encodeurl": "~1.0.2",
        "escape-html": "~1.0.3",
        "etag": "~1.8.1",
        "fresh": "0.5.2",
        "http-errors": "2.0.0",
        "mime": "1.6.0",
        "ms": "2.1.3",
        "on-finished": "2.4.1",
        "range-parser": "~1.2.1",
        "statuses": "2.0.1"
      },
      "engines": {
        "node": ">= 0.8.0"
      }
    },
    "Claude-Code-Remote/node_modules/send/node_modules/encodeurl": {
      "version": "1.0.2",
      "license": "MIT",
      "engines": {
        "node": ">= 0.8"
      }
    },
    "Claude-Code-Remote/node_modules/send/node_modules/ms": {
      "version": "2.1.3",
      "license": "MIT"
    },
    "Claude-Code-Remote/node_modules/serve-static": {
      "version": "1.16.2",
      "license": "MIT",
      "dependencies": {
        "encodeurl": "~2.0.0",
        "escape-html": "~1.0.3",
        "parseurl": "~1.3.3",
        "send": "0.19.0"
      },
      "engines": {
        "node": ">= 0.8.0"
      }
    },
    "Claude-Code-Remote/node_modules/setprototypeof": {
      "version": "1.2.0",
      "license": "ISC"
    },
    "Claude-Code-Remote/node_modules/shebang-command": {
      "version": "2.0.0",
      "license": "MIT",
      "dependencies": {
        "shebang-regex": "^3.0.0"
      },
      "engines": {
        "node": ">=8"
      }
    },
    "Claude-Code-Remote/node_modules/shebang-regex": {
      "version": "3.0.0",
      "license": "MIT",
      "engines": {
        "node": ">=8"
      }
    },
    "Claude-Code-Remote/node_modules/side-channel": {
      "version": "1.1.0",
      "license": "MIT",
      "dependencies": {
        "es-errors": "^1.3.0",
        "object-inspect": "^1.13.3",
        "side-channel-list": "^1.0.0",
        "side-channel-map": "^1.0.1",
        "side-channel-weakmap": "^1.0.2"
      },
      "engines": {
        "node": ">= 0.4"
      },
      "funding": {
        "url": "https://github.com/sponsors/ljharb"
      }
    },
    "Claude-Code-Remote/node_modules/side-channel-list": {
      "version": "1.0.0",
      "license": "MIT",
      "dependencies": {
        "es-errors": "^1.3.0",
        "object-inspect": "^1.13.3"
      },
      "engines": {
        "node": ">= 0.4"
      },
      "funding": {
        "url": "https://github.com/sponsors/ljharb"
      }
    },
    "Claude-Code-Remote/node_modules/side-channel-map": {
      "version": "1.0.1",
      "license": "MIT",
      "dependencies": {
        "call-bound": "^1.0.2",
        "es-errors": "^1.3.0",
        "get-intrinsic": "^1.2.5",
        "object-inspect": "^1.13.3"
      },
      "engines": {
        "node": ">= 0.4"
      },
      "funding": {
        "url": "https://github.com/sponsors/ljharb"
      }
    },
    "Claude-Code-Remote/node_modules/side-channel-weakmap": {
      "version": "1.0.2",
      "license": "MIT",
      "dependencies": {
        "call-bound": "^1.0.2",
        "es-errors": "^1.3.0",
        "get-intrinsic": "^1.2.5",
        "object-inspect": "^1.13.3",
        "side-channel-map": "^1.0.1"
      },
      "engines": {
        "node": ">= 0.4"
      },
      "funding": {
        "url": "https://github.com/sponsors/ljharb"
      }
    },
    "Claude-Code-Remote/node_modules/signal-exit": {
      "version": "4.1.0",
      "license": "ISC",
      "engines": {
        "node": ">=14"
      },
      "funding": {
        "url": "https://github.com/sponsors/isaacs"
      }
    },
    "Claude-Code-Remote/node_modules/smart-buffer": {
      "version": "4.2.0",
      "license": "MIT",
      "engines": {
        "node": ">= 6.0.0",
        "npm": ">= 3.0.0"
      }
    },
    "Claude-Code-Remote/node_modules/socks": {
      "version": "2.8.5",
      "license": "MIT",
      "dependencies": {
        "ip-address": "^9.0.5",
        "smart-buffer": "^4.2.0"
      },
      "engines": {
        "node": ">= 10.0.0",
        "npm": ">= 3.0.0"
      }
    },
    "Claude-Code-Remote/node_modules/sonic-boom": {
      "version": "4.2.0",
      "license": "MIT",
      "dependencies": {
        "atomic-sleep": "^1.0.0"
      }
    },
    "Claude-Code-Remote/node_modules/split2": {
      "version": "4.2.0",
      "license": "ISC",
      "engines": {
        "node": ">= 10.x"
      }
    },
    "Claude-Code-Remote/node_modules/sprintf-js": {
      "version": "1.1.3",
      "license": "BSD-3-Clause"
    },
    "Claude-Code-Remote/node_modules/statuses": {
      "version": "2.0.1",
      "license": "MIT",
      "engines": {
        "node": ">= 0.8"
      }
    },
    "Claude-Code-Remote/node_modules/string_decoder": {
      "version": "1.3.0",
      "license": "MIT",
      "dependencies": {
        "safe-buffer": "~5.2.0"
      }
    },
    "Claude-Code-Remote/node_modules/strip-final-newline": {
      "version": "4.0.0",
      "license": "MIT",
      "engines": {
        "node": ">=18"
      },
      "funding": {
        "url": "https://github.com/sponsors/sindresorhus"
      }
    },
    "Claude-Code-Remote/node_modules/strip-json-comments": {
      "version": "3.1.1",
      "license": "MIT",
      "engines": {
        "node": ">=8"
      },
      "funding": {
        "url": "https://github.com/sponsors/sindresorhus"
      }
    },
    "Claude-Code-Remote/node_modules/thread-stream": {
      "version": "3.1.0",
      "license": "MIT",
      "dependencies": {
        "real-require": "^0.2.0"
      }
    },
    "Claude-Code-Remote/node_modules/tlds": {
      "version": "1.259.0",
      "license": "MIT",
      "bin": {
        "tlds": "bin.js"
      }
    },
    "Claude-Code-Remote/node_modules/toidentifier": {
      "version": "1.0.1",
      "license": "MIT",
      "engines": {
        "node": ">=0.6"
      }
    },
    "Claude-Code-Remote/node_modules/type-is": {
      "version": "1.6.18",
      "license": "MIT",
      "dependencies": {
        "media-typer": "0.3.0",
        "mime-types": "~2.1.24"
      },
      "engines": {
        "node": ">= 0.6"
      }
    },
    "Claude-Code-Remote/node_modules/uc.micro": {
      "version": "2.1.0",
      "license": "MIT"
    },
    "Claude-Code-Remote/node_modules/unicorn-magic": {
      "version": "0.3.0",
      "license": "MIT",
      "engines": {
        "node": ">=18"
      },
      "funding": {
        "url": "https://github.com/sponsors/sindresorhus"
      }
    },
    "Claude-Code-Remote/node_modules/unpipe": {
      "version": "1.0.0",
      "license": "MIT",
      "engines": {
        "node": ">= 0.8"
      }
    },
    "Claude-Code-Remote/node_modules/utf7": {
      "version": "1.0.2",
      "dependencies": {
        "semver": "~5.3.0"
      }
    },
    "Claude-Code-Remote/node_modules/util-deprecate": {
      "version": "1.0.2",
      "license": "MIT"
    },
    "Claude-Code-Remote/node_modules/utils-merge": {
      "version": "1.0.1",
      "license": "MIT",
      "engines": {
        "node": ">= 0.4.0"
      }
    },
    "Claude-Code-Remote/node_modules/uuid": {
      "version": "11.1.0",
      "funding": [
        "https://github.com/sponsors/broofa",
        "https://github.com/sponsors/ctavan"
      ],
      "license": "MIT",
      "bin": {
        "uuid": "dist/esm/bin/uuid"
      }
    },
    "Claude-Code-Remote/node_modules/vary": {
      "version": "1.1.2",
      "license": "MIT",
      "engines": {
        "node": ">= 0.8"
      }
    },
    "Claude-Code-Remote/node_modules/which": {
      "version": "2.0.2",
      "license": "ISC",
      "dependencies": {
        "isexe": "^2.0.0"
      },
      "bin": {
        "node-which": "bin/node-which"
      },
      "engines": {
        "node": ">= 8"
      }
    },
    "Claude-Code-Remote/node_modules/wrappy": {
      "version": "1.0.2",
      "license": "ISC"
    },
    "Claude-Code-Remote/node_modules/yoctocolors": {
      "version": "2.1.1",
      "license": "MIT",
      "engines": {
        "node": ">=18"
      },
      "funding": {
        "url": "https://github.com/sponsors/sindresorhus"
      }
    },
    "node_modules/@clwclw/agent": {
      "resolved": "agent",
      "link": true
    },
    "node_modules/claude-code-remote": {
      "resolved": "Claude-Code-Remote",
      "link": true
    }
  }
}
